
Microsoft Visual Studio Solution File, Format Version 12.00
# Visual Studio Version 16
VisualStudioVersion = 16.0.32929.386
MinimumVisualStudioVersion = 10.0.40219.1
Project("{FAE04EC0-301F-11D3-BF4B-00C04F79EFBC}") = "Arithprog2", "Arithprog2\Arithprog2.csproj", "{6264813E-D680-4F85-A78D-4023AF71CB28}"
EndProject
Global
	GlobalSection(SolutionConfigurationPlatforms) = preSolution
		Debug|Any CPU = Debug|Any CPU
		Release|Any CPU = Release|Any CPU
	EndGlobalSection
	GlobalSection(ProjectConfigurationPlatforms) = postSolution
		{6264813E-D680-4F85-A78D-4023AF71CB28}.Debug|Any CPU.ActiveCfg = Debug|Any CPU
		{6264813E-D680-4F85-A78D-4023AF71CB28}.Debug|Any CPU.Build.0 = Debug|Any CPU
		{6264813E-D680-4F85-A78D-4023AF71CB28}.Release|Any CPU.ActiveCfg = Release|Any CPU
		{6264813E-D680-4F85-A78D-4023AF71CB28}.Release|Any CPU.Build.0 = Release|Any CPU
	EndGlobalSection
	GlobalSection(SolutionProperties) = preSolution
		HideSolutionNode = FALSE
	EndGlobalSection
	GlobalSection(ExtensibilityGlobals) = postSolution
		SolutionGuid = {146A469A-BC93-4FAE-912C-CEE6255688AF}
	EndGlobalSection
EndGlobal
