
Microsoft Visual Studio Solution File, Format Version 12.00
# Visual Studio Version 16
VisualStudioVersion = 16.0.32929.386
MinimumVisualStudioVersion = 10.0.40219.1
Project("{FAE04EC0-301F-11D3-BF4B-00C04F79EFBC}") = "Myfirstprogam", "Myfirstprogam\Myfirstprogam.csproj", "{6F93E7A3-8E2A-4FA8-B1FA-DDC65A28185C}"
EndProject
Global
	GlobalSection(SolutionConfigurationPlatforms) = preSolution
		Debug|Any CPU = Debug|Any CPU
		Release|Any CPU = Release|Any CPU
	EndGlobalSection
	GlobalSection(ProjectConfigurationPlatforms) = postSolution
		{6F93E7A3-8E2A-4FA8-B1FA-DDC65A28185C}.Debug|Any CPU.ActiveCfg = Debug|Any CPU
		{6F93E7A3-8E2A-4FA8-B1FA-DDC65A28185C}.Debug|Any CPU.Build.0 = Debug|Any CPU
		{6F93E7A3-8E2A-4FA8-B1FA-DDC65A28185C}.Release|Any CPU.ActiveCfg = Release|Any CPU
		{6F93E7A3-8E2A-4FA8-B1FA-DDC65A28185C}.Release|Any CPU.Build.0 = Release|Any CPU
	EndGlobalSection
	GlobalSection(SolutionProperties) = preSolution
		HideSolutionNode = FALSE
	EndGlobalSection
	GlobalSection(ExtensibilityGlobals) = postSolution
		SolutionGuid = {BB3097C9-626C-4FE4-9C43-A289A811F59E}
	EndGlobalSection
EndGlobal
