
Microsoft Visual Studio Solution File, Format Version 12.00
# Visual Studio Version 16
VisualStudioVersion = 16.0.32929.386
MinimumVisualStudioVersion = 10.0.40219.1
Project("{FAE04EC0-301F-11D3-BF4B-00C04F79EFBC}") = "Chapter5Act4", "Chapter5Act4\Chapter5Act4.csproj", "{DAA801A3-B1D8-47ED-864E-0BA9884DC681}"
EndProject
Global
	GlobalSection(SolutionConfigurationPlatforms) = preSolution
		Debug|Any CPU = Debug|Any CPU
		Release|Any CPU = Release|Any CPU
	EndGlobalSection
	GlobalSection(ProjectConfigurationPlatforms) = postSolution
		{DAA801A3-B1D8-47ED-864E-0BA9884DC681}.Debug|Any CPU.ActiveCfg = Debug|Any CPU
		{DAA801A3-B1D8-47ED-864E-0BA9884DC681}.Debug|Any CPU.Build.0 = Debug|Any CPU
		{DAA801A3-B1D8-47ED-864E-0BA9884DC681}.Release|Any CPU.ActiveCfg = Release|Any CPU
		{DAA801A3-B1D8-47ED-864E-0BA9884DC681}.Release|Any CPU.Build.0 = Release|Any CPU
	EndGlobalSection
	GlobalSection(SolutionProperties) = preSolution
		HideSolutionNode = FALSE
	EndGlobalSection
	GlobalSection(ExtensibilityGlobals) = postSolution
		SolutionGuid = {4652DDF0-EC7F-4139-8CB1-F5A2AFC53F48}
	EndGlobalSection
EndGlobal
