
Microsoft Visual Studio Solution File, Format Version 12.00
# Visual Studio Version 16
VisualStudioVersion = 16.0.32929.386
MinimumVisualStudioVersion = 10.0.40219.1
Project("{FAE04EC0-301F-11D3-BF4B-00C04F79EFBC}") = "Exercises1", "Exercises1\Exercises1.csproj", "{B0E6D2ED-F981-43FF-AE01-FCFB9F9F64FD}"
EndProject
Global
	GlobalSection(SolutionConfigurationPlatforms) = preSolution
		Debug|Any CPU = Debug|Any CPU
		Release|Any CPU = Release|Any CPU
	EndGlobalSection
	GlobalSection(ProjectConfigurationPlatforms) = postSolution
		{B0E6D2ED-F981-43FF-AE01-FCFB9F9F64FD}.Debug|Any CPU.ActiveCfg = Debug|Any CPU
		{B0E6D2ED-F981-43FF-AE01-FCFB9F9F64FD}.Debug|Any CPU.Build.0 = Debug|Any CPU
		{B0E6D2ED-F981-43FF-AE01-FCFB9F9F64FD}.Release|Any CPU.ActiveCfg = Release|Any CPU
		{B0E6D2ED-F981-43FF-AE01-FCFB9F9F64FD}.Release|Any CPU.Build.0 = Release|Any CPU
	EndGlobalSection
	GlobalSection(SolutionProperties) = preSolution
		HideSolutionNode = FALSE
	EndGlobalSection
	GlobalSection(ExtensibilityGlobals) = postSolution
		SolutionGuid = {F7B53A15-A1DE-4D9A-AE77-2E8DC4D2A650}
	EndGlobalSection
EndGlobal
