
Microsoft Visual Studio Solution File, Format Version 12.00
# Visual Studio Version 16
VisualStudioVersion = 16.0.32929.386
MinimumVisualStudioVersion = 10.0.40219.1
Project("{FAE04EC0-301F-11D3-BF4B-00C04F79EFBC}") = "SortingAppYouSource", "SortingAppYouSource\SortingAppYouSource.csproj", "{84541BB8-090F-4F4E-A02F-D840A640F655}"
EndProject
Global
	GlobalSection(SolutionConfigurationPlatforms) = preSolution
		Debug|Any CPU = Debug|Any CPU
		Release|Any CPU = Release|Any CPU
	EndGlobalSection
	GlobalSection(ProjectConfigurationPlatforms) = postSolution
		{84541BB8-090F-4F4E-A02F-D840A640F655}.Debug|Any CPU.ActiveCfg = Debug|Any CPU
		{84541BB8-090F-4F4E-A02F-D840A640F655}.Debug|Any CPU.Build.0 = Debug|Any CPU
		{84541BB8-090F-4F4E-A02F-D840A640F655}.Release|Any CPU.ActiveCfg = Release|Any CPU
		{84541BB8-090F-4F4E-A02F-D840A640F655}.Release|Any CPU.Build.0 = Release|Any CPU
	EndGlobalSection
	GlobalSection(SolutionProperties) = preSolution
		HideSolutionNode = FALSE
	EndGlobalSection
	GlobalSection(ExtensibilityGlobals) = postSolution
		SolutionGuid = {3C1FF7E8-2922-41C0-815A-7D30EA1B5E15}
	EndGlobalSection
EndGlobal
