
Microsoft Visual Studio Solution File, Format Version 12.00
# Visual Studio Version 16
VisualStudioVersion = 16.0.32929.386
MinimumVisualStudioVersion = 10.0.40219.1
Project("{FAE04EC0-301F-11D3-BF4B-00C04F79EFBC}") = "Chapter6Sample2", "Chapter6Sample2\Chapter6Sample2.csproj", "{8ADF536A-2793-48F9-8EC8-120175A719B3}"
EndProject
Global
	GlobalSection(SolutionConfigurationPlatforms) = preSolution
		Debug|Any CPU = Debug|Any CPU
		Release|Any CPU = Release|Any CPU
	EndGlobalSection
	GlobalSection(ProjectConfigurationPlatforms) = postSolution
		{8ADF536A-2793-48F9-8EC8-120175A719B3}.Debug|Any CPU.ActiveCfg = Debug|Any CPU
		{8ADF536A-2793-48F9-8EC8-120175A719B3}.Debug|Any CPU.Build.0 = Debug|Any CPU
		{8ADF536A-2793-48F9-8EC8-120175A719B3}.Release|Any CPU.ActiveCfg = Release|Any CPU
		{8ADF536A-2793-48F9-8EC8-120175A719B3}.Release|Any CPU.Build.0 = Release|Any CPU
	EndGlobalSection
	GlobalSection(SolutionProperties) = preSolution
		HideSolutionNode = FALSE
	EndGlobalSection
	GlobalSection(ExtensibilityGlobals) = postSolution
		SolutionGuid = {184C9D82-12FA-4FC1-9226-5CD2465E12B6}
	EndGlobalSection
EndGlobal
